
Microsoft Visual Studio Solution File, Format Version 12.00
# Visual Studio Version 17
VisualStudioVersion = 17.1.32113.165
MinimumVisualStudioVersion = 10.0.40219.1
Project("{FAE04EC0-301F-11D3-BF4B-00C04F79EFBC}") = "PiApproximation", "PiApproximation\PiApproximation.csproj", "{62AC843F-7C21-4CBA-9B12-04B804B7C5C2}"
EndProject
Project("{FAE04EC0-301F-11D3-BF4B-00C04F79EFBC}") = "PiApproximation.Test", "PiApproximation.Test\PiApproximation.Test.csproj", "{365BAECE-EF32-4898-B4B1-55FDD36CF8E4}"
EndProject
Global
	GlobalSection(SolutionConfigurationPlatforms) = preSolution
		Debug|Any CPU = Debug|Any CPU
		Release|Any CPU = Release|Any CPU
	EndGlobalSection
	GlobalSection(ProjectConfigurationPlatforms) = postSolution
		{62AC843F-7C21-4CBA-9B12-04B804B7C5C2}.Debug|Any CPU.ActiveCfg = Debug|Any CPU
		{62AC843F-7C21-4CBA-9B12-04B804B7C5C2}.Debug|Any CPU.Build.0 = Debug|Any CPU
		{62AC843F-7C21-4CBA-9B12-04B804B7C5C2}.Release|Any CPU.ActiveCfg = Release|Any CPU
		{62AC843F-7C21-4CBA-9B12-04B804B7C5C2}.Release|Any CPU.Build.0 = Release|Any CPU
		{365BAECE-EF32-4898-B4B1-55FDD36CF8E4}.Debug|Any CPU.ActiveCfg = Debug|Any CPU
		{365BAECE-EF32-4898-B4B1-55FDD36CF8E4}.Debug|Any CPU.Build.0 = Debug|Any CPU
		{365BAECE-EF32-4898-B4B1-55FDD36CF8E4}.Release|Any CPU.ActiveCfg = Release|Any CPU
		{365BAECE-EF32-4898-B4B1-55FDD36CF8E4}.Release|Any CPU.Build.0 = Release|Any CPU
	EndGlobalSection
	GlobalSection(SolutionProperties) = preSolution
		HideSolutionNode = FALSE
	EndGlobalSection
	GlobalSection(ExtensibilityGlobals) = postSolution
		SolutionGuid = {582ADF3A-1A87-40D1-83F1-F5DA134E97C6}
	EndGlobalSection
EndGlobal
